# The role package imports only dependencies already present in the exact
# digest-pinned vLLM base: jsonschema for manifest validation and cryptography
# for Ed25519 authority.  vLLM remains part of the exact base, not an unpinned
# pip resolution during build; the Dockerfile probes the complete closure.
